{
  "version": 4,
  "terraform_version": "0.12.7",
  "serial": 9,
  "lineage": "517ff677-bcfe-a2d8-4cf5-0383659670fa",
  "outputs": {},
  "resources": [
    {
      "mode": "managed",
      "type": "aws_internet_gateway",
      "name": "ig_public",
      "provider": "provider.aws",
      "instances": [
        {
          "schema_version": 0,
          "attributes": {
            "id": "igw-0e4ad89adb5e92418",
            "owner_id": "753788210905",
            "tags": {
              "Name": "Dev1 interenet gateway"
            },
            "vpc_id": "vpc-0a77b5d61321021a6"
          },
          "private": "bnVsbA==",
          "depends_on": [
            "aws_vpc.vpc_main"
          ]
        }
      ]
    },
    {
      "mode": "managed",
      "type": "aws_route_table",
      "name": "rt1",
      "provider": "provider.aws",
      "instances": [
        {
          "schema_version": 0,
          "attributes": {
            "id": "rtb-0f39b37571dbdc99c",
            "owner_id": "753788210905",
            "propagating_vgws": [],
            "route": [],
            "tags": null,
            "vpc_id": "vpc-0a77b5d61321021a6"
          },
          "private": "bnVsbA==",
          "depends_on": [
            "aws_vpc.vpc_main"
          ]
        }
      ]
    },
    {
      "mode": "managed",
      "type": "aws_route_table_association",
      "name": "rt1_subnet1",
      "provider": "provider.aws",
      "instances": [
        {
          "schema_version": 0,
          "attributes": {
            "id": "rtbassoc-08177e8cb5b3c8a69",
            "route_table_id": "rtb-0f39b37571dbdc99c",
            "subnet_id": "subnet-0a37a0ba29ab3d1b7"
          },
          "private": "bnVsbA==",
          "depends_on": [
            "aws_route_table.rt1",
            "aws_subnet.subnet_1"
          ]
        }
      ]
    },
    {
      "mode": "managed",
      "type": "aws_subnet",
      "name": "subnet_1",
      "provider": "provider.aws",
      "instances": [
        {
          "schema_version": 1,
          "attributes": {
            "arn": "arn:aws:ec2:us-east-2:753788210905:subnet/subnet-0a37a0ba29ab3d1b7",
            "assign_ipv6_address_on_creation": false,
            "availability_zone": "us-east-2b",
            "availability_zone_id": "use2-az2",
            "cidr_block": "10.0.0.0/24",
            "id": "subnet-0a37a0ba29ab3d1b7",
            "ipv6_cidr_block": "",
            "ipv6_cidr_block_association_id": "",
            "map_public_ip_on_launch": false,
            "owner_id": "753788210905",
            "tags": {
              "Description": "Managed by terraform",
              "Name": "public subnet"
            },
            "timeouts": null,
            "vpc_id": "vpc-0a77b5d61321021a6"
          },
          "private": "eyJlMmJmYjczMC1lY2FhLTExZTYtOGY4OC0zNDM2M2JjN2M0YzAiOnsiY3JlYXRlIjo2MDAwMDAwMDAwMDAsImRlbGV0ZSI6MTIwMDAwMDAwMDAwMH0sInNjaGVtYV92ZXJzaW9uIjoiMSJ9",
          "depends_on": [
            "aws_vpc.vpc_main"
          ]
        }
      ]
    },
    {
      "mode": "managed",
      "type": "aws_subnet",
      "name": "subnet_2",
      "provider": "provider.aws",
      "instances": [
        {
          "schema_version": 1,
          "attributes": {
            "arn": "arn:aws:ec2:us-east-2:753788210905:subnet/subnet-0fdd6451fa53630b0",
            "assign_ipv6_address_on_creation": false,
            "availability_zone": "us-east-2b",
            "availability_zone_id": "use2-az2",
            "cidr_block": "10.0.1.0/24",
            "id": "subnet-0fdd6451fa53630b0",
            "ipv6_cidr_block": "",
            "ipv6_cidr_block_association_id": "",
            "map_public_ip_on_launch": false,
            "owner_id": "753788210905",
            "tags": {
              "Description": "Managed by terraform",
              "Name": "public subnet"
            },
            "timeouts": null,
            "vpc_id": "vpc-0a77b5d61321021a6"
          },
          "private": "eyJlMmJmYjczMC1lY2FhLTExZTYtOGY4OC0zNDM2M2JjN2M0YzAiOnsiY3JlYXRlIjo2MDAwMDAwMDAwMDAsImRlbGV0ZSI6MTIwMDAwMDAwMDAwMH0sInNjaGVtYV92ZXJzaW9uIjoiMSJ9",
          "depends_on": [
            "aws_vpc.vpc_main"
          ]
        }
      ]
    },
    {
      "mode": "managed",
      "type": "aws_vpc",
      "name": "vpc_main",
      "provider": "provider.aws",
      "instances": [
        {
          "schema_version": 1,
          "attributes": {
            "arn": "arn:aws:ec2:us-east-2:753788210905:vpc/vpc-0a77b5d61321021a6",
            "assign_generated_ipv6_cidr_block": false,
            "cidr_block": "10.0.0.0/16",
            "default_network_acl_id": "acl-02e279fa51bbaf48c",
            "default_route_table_id": "rtb-03d8a84a4b71ed584",
            "default_security_group_id": "sg-02f770153f092535e",
            "dhcp_options_id": "dopt-48ee8e21",
            "enable_classiclink": null,
            "enable_classiclink_dns_support": null,
            "enable_dns_hostnames": false,
            "enable_dns_support": true,
            "id": "vpc-0a77b5d61321021a6",
            "instance_tenancy": "default",
            "ipv6_association_id": "",
            "ipv6_cidr_block": "",
            "main_route_table_id": "rtb-03d8a84a4b71ed584",
            "owner_id": "753788210905",
            "tags": {
              "Name": "dev1_vpc"
            }
          },
          "private": "eyJzY2hlbWFfdmVyc2lvbiI6IjEifQ=="
        }
      ]
    }
  ]
}
